
Microsoft Visual Studio Solution File, Format Version 10.00
# Visual Studio 2008
Project("{E24C65DC-7377-472B-9ABA-BC803B73C61A}") = "foundation_aspnet_webforms", "http://localhost/foundation_aspnet_webforms", "{63043F36-070A-40E8-8B4B-7F3BCFA51C1F}"
	ProjectSection(WebsiteProperties) = preProject
		TargetFramework = "3.5"
		Debug.AspNetCompiler.VirtualPath = "/foundation_aspnet_webforms"
		Debug.AspNetCompiler.PhysicalPath = "..\..\..\..\inetpub\wwwroot\foundation_aspnet_webforms\"
		Debug.AspNetCompiler.TargetPath = "PrecompiledWeb\foundation_aspnet_webforms\"
		Debug.AspNetCompiler.Updateable = "true"
		Debug.AspNetCompiler.ForceOverwrite = "true"
		Debug.AspNetCompiler.FixedNames = "false"
		Debug.AspNetCompiler.Debug = "True"
		Release.AspNetCompiler.VirtualPath = "/foundation_aspnet_webforms"
		Release.AspNetCompiler.PhysicalPath = "..\..\..\..\inetpub\wwwroot\foundation_aspnet_webforms\"
		Release.AspNetCompiler.TargetPath = "PrecompiledWeb\foundation_aspnet_webforms\"
		Release.AspNetCompiler.Updateable = "true"
		Release.AspNetCompiler.ForceOverwrite = "true"
		Release.AspNetCompiler.FixedNames = "false"
		Release.AspNetCompiler.Debug = "False"
		SlnRelativePath = "..\..\..\..\inetpub\wwwroot\foundation_aspnet_webforms\"
		DefaultWebSiteLanguage = "Visual C#"
	EndProjectSection
EndProject
Global
	GlobalSection(SolutionConfigurationPlatforms) = preSolution
		Debug|Any CPU = Debug|Any CPU
	EndGlobalSection
	GlobalSection(ProjectConfigurationPlatforms) = postSolution
		{63043F36-070A-40E8-8B4B-7F3BCFA51C1F}.Debug|Any CPU.ActiveCfg = Debug|Any CPU
		{63043F36-070A-40E8-8B4B-7F3BCFA51C1F}.Debug|Any CPU.Build.0 = Debug|Any CPU
	EndGlobalSection
	GlobalSection(SolutionProperties) = preSolution
		HideSolutionNode = FALSE
	EndGlobalSection
EndGlobal
